
Microsoft Visual Studio Solution File, Format Version 12.00
# Visual Studio Version 17
VisualStudioVersion = 17.14.36119.2
MinimumVisualStudioVersion = 10.0.40219.1
Project("{FAE04EC0-301F-11D3-BF4B-00C04F79EFBC}") = "ResourceScannerMod", "ResourceScannerMod\ResourceScannerMod.csproj", "{A1489892-378A-40C7-998D-53BDB5EDEBD7}"
EndProject
Global
	GlobalSection(SolutionConfigurationPlatforms) = preSolution
		Debug|Any CPU = Debug|Any CPU
		Release|Any CPU = Release|Any CPU
	EndGlobalSection
	GlobalSection(ProjectConfigurationPlatforms) = postSolution
		{A1489892-378A-40C7-998D-53BDB5EDEBD7}.Debug|Any CPU.ActiveCfg = Debug|Any CPU
		{A1489892-378A-40C7-998D-53BDB5EDEBD7}.Debug|Any CPU.Build.0 = Debug|Any CPU
		{A1489892-378A-40C7-998D-53BDB5EDEBD7}.Release|Any CPU.ActiveCfg = Release|Any CPU
		{A1489892-378A-40C7-998D-53BDB5EDEBD7}.Release|Any CPU.Build.0 = Release|Any CPU
	EndGlobalSection
	GlobalSection(SolutionProperties) = preSolution
		HideSolutionNode = FALSE
	EndGlobalSection
	GlobalSection(ExtensibilityGlobals) = postSolution
		SolutionGuid = {2DCE3E3C-0599-48D6-8E42-2992CB44EDCB}
	EndGlobalSection
EndGlobal
